
Microsoft Visual Studio Solution File, Format Version 12.00
# Visual Studio 15
VisualStudioVersion = 15.0.28010.2016
MinimumVisualStudioVersion = 10.0.40219.1
Project("{2150E333-8FDC-42A3-9474-1A3956D46DE8}") = "Utilities", "Utilities", "{E77A0472-78A4-4802-8361-542CC99EE02B}"
EndProject
Project("{9A19103F-16F7-4668-BE54-9A1E7A4F7556}") = "BackEndConnector.APIs", "APIs\BackEndConnector.APIs.csproj", "{098BFD02-B208-4575-A7F9-971488559A6B}"
EndProject
Project("{9A19103F-16F7-4668-BE54-9A1E7A4F7556}") = "BackEndConnector.Interceptors", "Interceptors\BackEndConnector.Interceptors.csproj", "{4FE4DAFA-FCEB-459F-8F9C-4E43D0240BE2}"
EndProject
Project("{9A19103F-16F7-4668-BE54-9A1E7A4F7556}") = "Utilities.Logging", "Utilities\Logging\Utilities.Logging.csproj", "{833ADA99-65AB-446C-B297-18F818E99CC2}"
EndProject
Project("{9A19103F-16F7-4668-BE54-9A1E7A4F7556}") = "Utilities.Security", "Utilities\Security\Utilities.Security.csproj", "{183936A1-88F1-4D3B-9E9E-114F067E1371}"
EndProject
Project("{9A19103F-16F7-4668-BE54-9A1E7A4F7556}") = "BackEndConnector.Core", "Core\BackEndConnector.Core.csproj", "{B26982A5-D429-44C8-88C4-18E25B8C1576}"
EndProject
Project("{2150E333-8FDC-42A3-9474-1A3956D46DE8}") = "BackEndMockups", "BackEndMockups", "{85F50DE6-B533-4822-BE08-7DDEAC2B398B}"
EndProject
Project("{9A19103F-16F7-4668-BE54-9A1E7A4F7556}") = "BackEndMockups.APIs", "BackEndMockups\BackEndMockups.APIs\BackEndMockups.APIs.csproj", "{701B686F-30C7-4E23-9381-3AA2381CFF50}"
EndProject
Project("{2150E333-8FDC-42A3-9474-1A3956D46DE8}") = "MobifinIntegration", "MobifinIntegration", "{1C46A411-329D-4AA8-876A-6CE8F66B2B6B}"
EndProject
Project("{9A19103F-16F7-4668-BE54-9A1E7A4F7556}") = "Mobifin.Contracts", "MobifinIntegration\Mobifin.Contracts\Mobifin.Contracts.csproj", "{055A0A16-37D1-4572-B52D-EB77920563A2}"
EndProject
Project("{9A19103F-16F7-4668-BE54-9A1E7A4F7556}") = "BarqMockupsLib", "BackEndMockups\BarqMockupsLib\BarqMockupsLib.csproj", "{026787EF-92AA-445F-A21D-E571EF10C50B}"
EndProject
Project("{9A19103F-16F7-4668-BE54-9A1E7A4F7556}") = "Mobifin.Wrappers", "MobifinIntegration\Mobifin.Wrappers\Mobifin.Wrappers.csproj", "{F95CAAC4-B847-4D6C-AB08-B766CAC618D7}"
EndProject
Project("{9A19103F-16F7-4668-BE54-9A1E7A4F7556}") = "BackEndMockups.Wrappers", "BackEndMockups\BackEndMockups.Wrappers\BackEndMockups.Wrappers.csproj", "{7809C593-0D76-4E8C-AB9E-008ACE84572F}"
EndProject
Global
	GlobalSection(SolutionConfigurationPlatforms) = preSolution
		Debug|Any CPU = Debug|Any CPU
		Release|Any CPU = Release|Any CPU
	EndGlobalSection
	GlobalSection(ProjectConfigurationPlatforms) = postSolution
		{098BFD02-B208-4575-A7F9-971488559A6B}.Debug|Any CPU.ActiveCfg = Debug|Any CPU
		{098BFD02-B208-4575-A7F9-971488559A6B}.Debug|Any CPU.Build.0 = Debug|Any CPU
		{098BFD02-B208-4575-A7F9-971488559A6B}.Release|Any CPU.ActiveCfg = Release|Any CPU
		{098BFD02-B208-4575-A7F9-971488559A6B}.Release|Any CPU.Build.0 = Release|Any CPU
		{4FE4DAFA-FCEB-459F-8F9C-4E43D0240BE2}.Debug|Any CPU.ActiveCfg = Debug|Any CPU
		{4FE4DAFA-FCEB-459F-8F9C-4E43D0240BE2}.Debug|Any CPU.Build.0 = Debug|Any CPU
		{4FE4DAFA-FCEB-459F-8F9C-4E43D0240BE2}.Release|Any CPU.ActiveCfg = Release|Any CPU
		{4FE4DAFA-FCEB-459F-8F9C-4E43D0240BE2}.Release|Any CPU.Build.0 = Release|Any CPU
		{833ADA99-65AB-446C-B297-18F818E99CC2}.Debug|Any CPU.ActiveCfg = Debug|Any CPU
		{833ADA99-65AB-446C-B297-18F818E99CC2}.Debug|Any CPU.Build.0 = Debug|Any CPU
		{833ADA99-65AB-446C-B297-18F818E99CC2}.Release|Any CPU.ActiveCfg = Release|Any CPU
		{833ADA99-65AB-446C-B297-18F818E99CC2}.Release|Any CPU.Build.0 = Release|Any CPU
		{183936A1-88F1-4D3B-9E9E-114F067E1371}.Debug|Any CPU.ActiveCfg = Debug|Any CPU
		{183936A1-88F1-4D3B-9E9E-114F067E1371}.Debug|Any CPU.Build.0 = Debug|Any CPU
		{183936A1-88F1-4D3B-9E9E-114F067E1371}.Release|Any CPU.ActiveCfg = Release|Any CPU
		{183936A1-88F1-4D3B-9E9E-114F067E1371}.Release|Any CPU.Build.0 = Release|Any CPU
		{B26982A5-D429-44C8-88C4-18E25B8C1576}.Debug|Any CPU.ActiveCfg = Debug|Any CPU
		{B26982A5-D429-44C8-88C4-18E25B8C1576}.Debug|Any CPU.Build.0 = Debug|Any CPU
		{B26982A5-D429-44C8-88C4-18E25B8C1576}.Release|Any CPU.ActiveCfg = Release|Any CPU
		{B26982A5-D429-44C8-88C4-18E25B8C1576}.Release|Any CPU.Build.0 = Release|Any CPU
		{701B686F-30C7-4E23-9381-3AA2381CFF50}.Debug|Any CPU.ActiveCfg = Debug|Any CPU
		{701B686F-30C7-4E23-9381-3AA2381CFF50}.Debug|Any CPU.Build.0 = Debug|Any CPU
		{701B686F-30C7-4E23-9381-3AA2381CFF50}.Release|Any CPU.ActiveCfg = Release|Any CPU
		{701B686F-30C7-4E23-9381-3AA2381CFF50}.Release|Any CPU.Build.0 = Release|Any CPU
		{055A0A16-37D1-4572-B52D-EB77920563A2}.Debug|Any CPU.ActiveCfg = Debug|Any CPU
		{055A0A16-37D1-4572-B52D-EB77920563A2}.Debug|Any CPU.Build.0 = Debug|Any CPU
		{055A0A16-37D1-4572-B52D-EB77920563A2}.Release|Any CPU.ActiveCfg = Release|Any CPU
		{055A0A16-37D1-4572-B52D-EB77920563A2}.Release|Any CPU.Build.0 = Release|Any CPU
		{026787EF-92AA-445F-A21D-E571EF10C50B}.Debug|Any CPU.ActiveCfg = Debug|Any CPU
		{026787EF-92AA-445F-A21D-E571EF10C50B}.Debug|Any CPU.Build.0 = Debug|Any CPU
		{026787EF-92AA-445F-A21D-E571EF10C50B}.Release|Any CPU.ActiveCfg = Release|Any CPU
		{026787EF-92AA-445F-A21D-E571EF10C50B}.Release|Any CPU.Build.0 = Release|Any CPU
		{F95CAAC4-B847-4D6C-AB08-B766CAC618D7}.Debug|Any CPU.ActiveCfg = Debug|Any CPU
		{F95CAAC4-B847-4D6C-AB08-B766CAC618D7}.Debug|Any CPU.Build.0 = Debug|Any CPU
		{F95CAAC4-B847-4D6C-AB08-B766CAC618D7}.Release|Any CPU.ActiveCfg = Release|Any CPU
		{F95CAAC4-B847-4D6C-AB08-B766CAC618D7}.Release|Any CPU.Build.0 = Release|Any CPU
		{7809C593-0D76-4E8C-AB9E-008ACE84572F}.Debug|Any CPU.ActiveCfg = Debug|Any CPU
		{7809C593-0D76-4E8C-AB9E-008ACE84572F}.Debug|Any CPU.Build.0 = Debug|Any CPU
		{7809C593-0D76-4E8C-AB9E-008ACE84572F}.Release|Any CPU.ActiveCfg = Release|Any CPU
		{7809C593-0D76-4E8C-AB9E-008ACE84572F}.Release|Any CPU.Build.0 = Release|Any CPU
	EndGlobalSection
	GlobalSection(SolutionProperties) = preSolution
		HideSolutionNode = FALSE
	EndGlobalSection
	GlobalSection(NestedProjects) = preSolution
		{833ADA99-65AB-446C-B297-18F818E99CC2} = {E77A0472-78A4-4802-8361-542CC99EE02B}
		{183936A1-88F1-4D3B-9E9E-114F067E1371} = {E77A0472-78A4-4802-8361-542CC99EE02B}
		{701B686F-30C7-4E23-9381-3AA2381CFF50} = {85F50DE6-B533-4822-BE08-7DDEAC2B398B}
		{055A0A16-37D1-4572-B52D-EB77920563A2} = {1C46A411-329D-4AA8-876A-6CE8F66B2B6B}
		{026787EF-92AA-445F-A21D-E571EF10C50B} = {85F50DE6-B533-4822-BE08-7DDEAC2B398B}
		{F95CAAC4-B847-4D6C-AB08-B766CAC618D7} = {1C46A411-329D-4AA8-876A-6CE8F66B2B6B}
		{7809C593-0D76-4E8C-AB9E-008ACE84572F} = {85F50DE6-B533-4822-BE08-7DDEAC2B398B}
	EndGlobalSection
	GlobalSection(ExtensibilityGlobals) = postSolution
		SolutionGuid = {FDB88806-9606-402A-85E6-E86B5821C65E}
	EndGlobalSection
EndGlobal
